// !$*UTF8*$!
{
	archiveVersion = 1;
	classes = {
	};
	objectVersion = 50;
	objects = {

/* Begin PBXBuildFile section */
		EAB7D39820E446510075E6FC /* main.swift in Sources */ = {isa = PBXBuildFile; fileRef = EAB7D39720E446510075E6FC /* main.swift */; };
		F445B32E20E700320023C2E3 /* Int+initWithCharacter.swift in Sources */ = {isa = PBXBuildFile; fileRef = F445B32D20E700320023C2E3 /* Int+initWithCharacter.swift */; };
		F460AEDE20E6EDAA00234027 /* GameTypes.swift in Sources */ = {isa = PBXBuildFile; fileRef = F460AEDD20E6EDAA00234027 /* GameTypes.swift */; };
		F4E8FE5820E70C3100784DFF /* IndexMappingHelpers.swift in Sources */ = {isa = PBXBuildFile; fileRef = F4E8FE5720E70C3100784DFF /* IndexMappingHelpers.swift */; };
		F4E8FE5A20E7203F00784DFF /* [Int?]+Sudoku.swift in Sources */ = {isa = PBXBuildFile; fileRef = F4E8FE5920E7203F00784DFF /* [Int?]+Sudoku.swift */; };
		F4FFB24820E6F2650080C177 /* SudokuGame+description.swift in Sources */ = {isa = PBXBuildFile; fileRef = F4FFB24720E6F2650080C177 /* SudokuGame+description.swift */; };
/* End PBXBuildFile section */

/* Begin PBXCopyFilesBuildPhase section */
		EAB7D39220E446510075E6FC /* CopyFiles */ = {
			isa = PBXCopyFilesBuildPhase;
			buildActionMask = 2147483647;
			dstPath = /usr/share/man/man1/;
			dstSubfolderSpec = 0;
			files = (
			);
			runOnlyForDeploymentPostprocessing = 1;
		};
/* End PBXCopyFilesBuildPhase section */

/* Begin PBXFileReference section */
		EAB7D39420E446510075E6FC /* SAiDoku */ = {isa = PBXFileReference; explicitFileType = "compiled.mach-o.executable"; includeInIndex = 0; path = SAiDoku; sourceTree = BUILT_PRODUCTS_DIR; };
		EAB7D39720E446510075E6FC /* main.swift */ = {isa = PBXFileReference; lastKnownFileType = sourcecode.swift; path = main.swift; sourceTree = "<group>"; };
		EAB7D39E20E59CCD0075E6FC /* CODE */ = {isa = PBXFileReference; lastKnownFileType = text; path = CODE; sourceTree = "<group>"; };
		EAB7D39F20E5BD230075E6FC /* puzzle-easy */ = {isa = PBXFileReference; lastKnownFileType = text; path = "puzzle-easy"; sourceTree = SOURCE_ROOT; };
		F445B32D20E700320023C2E3 /* Int+initWithCharacter.swift */ = {isa = PBXFileReference; lastKnownFileType = sourcecode.swift; path = "Int+initWithCharacter.swift"; sourceTree = "<group>"; };
		F460AEDD20E6EDAA00234027 /* GameTypes.swift */ = {isa = PBXFileReference; lastKnownFileType = sourcecode.swift; path = GameTypes.swift; sourceTree = "<group>"; };
		F4E8FE5720E70C3100784DFF /* IndexMappingHelpers.swift */ = {isa = PBXFileReference; lastKnownFileType = sourcecode.swift; path = IndexMappingHelpers.swift; sourceTree = "<group>"; };
		F4E8FE5920E7203F00784DFF /* [Int?]+Sudoku.swift */ = {isa = PBXFileReference; lastKnownFileType = sourcecode.swift; path = "[Int?]+Sudoku.swift"; sourceTree = "<group>"; };
		F4FFB24720E6F2650080C177 /* SudokuGame+description.swift */ = {isa = PBXFileReference; lastKnownFileType = sourcecode.swift; path = "SudokuGame+description.swift"; sourceTree = "<group>"; };
/* End PBXFileReference section */

/* Begin PBXFrameworksBuildPhase section */
		EAB7D39120E446510075E6FC /* Frameworks */ = {
			isa = PBXFrameworksBuildPhase;
			buildActionMask = 2147483647;
			files = (
			);
			runOnlyForDeploymentPostprocessing = 0;
		};
/* End PBXFrameworksBuildPhase section */

/* Begin PBXGroup section */
		EAB7D38B20E446510075E6FC = {
			isa = PBXGroup;
			children = (
				EAB7D39620E446510075E6FC /* SAiDoku */,
				EAB7D39520E446510075E6FC /* Products */,
			);
			sourceTree = "<group>";
		};
		EAB7D39520E446510075E6FC /* Products */ = {
			isa = PBXGroup;
			children = (
				EAB7D39420E446510075E6FC /* SAiDoku */,
			);
			name = Products;
			sourceTree = "<group>";
		};
		EAB7D39620E446510075E6FC /* SAiDoku */ = {
			isa = PBXGroup;
			children = (
				EAB7D39E20E59CCD0075E6FC /* CODE */,
				EAB7D39F20E5BD230075E6FC /* puzzle-easy */,
				EAB7D39720E446510075E6FC /* main.swift */,
				F445B32D20E700320023C2E3 /* Int+initWithCharacter.swift */,
				F4E8FE5920E7203F00784DFF /* [Int?]+Sudoku.swift */,
				F460AEDD20E6EDAA00234027 /* GameTypes.swift */,
				F4E8FE5720E70C3100784DFF /* IndexMappingHelpers.swift */,
				F4FFB24720E6F2650080C177 /* SudokuGame+description.swift */,
			);
			path = SAiDoku;
			sourceTree = "<group>";
		};
/* End PBXGroup section */

/* Begin PBXNativeTarget section */
		EAB7D39320E446510075E6FC /* SAiDoku */ = {
			isa = PBXNativeTarget;
			buildConfigurationList = EAB7D39B20E446510075E6FC /* Build configuration list for PBXNativeTarget "SAiDoku" */;
			buildPhases = (
				EAB7D39020E446510075E6FC /* Sources */,
				EAB7D39120E446510075E6FC /* Frameworks */,
				EAB7D39220E446510075E6FC /* CopyFiles */,
			);
			buildRules = (
			);
			dependencies = (
			);
			name = SAiDoku;
			productName = SAiDoku;
			productReference = EAB7D39420E446510075E6FC /* SAiDoku */;
			productType = "com.apple.product-type.tool";
		};
/* End PBXNativeTarget section */

/* Begin PBXProject section */
		EAB7D38C20E446510075E6FC /* Project object */ = {
			isa = PBXProject;
			attributes = {
				LastSwiftUpdateCheck = 0940;
				LastUpgradeCheck = 0940;
				ORGANIZATIONNAME = SAiD;
				TargetAttributes = {
					EAB7D39320E446510075E6FC = {
						CreatedOnToolsVersion = 9.4;
					};
				};
			};
			buildConfigurationList = EAB7D38F20E446510075E6FC /* Build configuration list for PBXProject "SAiDoku" */;
			compatibilityVersion = "Xcode 9.3";
			developmentRegion = en;
			hasScannedForEncodings = 0;
			knownRegions = (
				en,
			);
			mainGroup = EAB7D38B20E446510075E6FC;
			productRefGroup = EAB7D39520E446510075E6FC /* Products */;
			projectDirPath = "";
			projectRoot = "";
			targets = (
				EAB7D39320E446510075E6FC /* SAiDoku */,
			);
		};
/* End PBXProject section */

/* Begin PBXSourcesBuildPhase section */
		EAB7D39020E446510075E6FC /* Sources */ = {
			isa = PBXSourcesBuildPhase;
			buildActionMask = 2147483647;
			files = (
				F4E8FE5A20E7203F00784DFF /* [Int?]+Sudoku.swift in Sources */,
				F445B32E20E700320023C2E3 /* Int+initWithCharacter.swift in Sources */,
				EAB7D39820E446510075E6FC /* main.swift in Sources */,
				F460AEDE20E6EDAA00234027 /* GameTypes.swift in Sources */,
				F4E8FE5820E70C3100784DFF /* IndexMappingHelpers.swift in Sources */,
				F4FFB24820E6F2650080C177 /* SudokuGame+description.swift in Sources */,
			);
			runOnlyForDeploymentPostprocessing = 0;
		};
/* End PBXSourcesBuildPhase section */

/* Begin XCBuildConfiguration section */
		EAB7D39920E446510075E6FC /* Debug */ = {
			isa = XCBuildConfiguration;
			buildSettings = {
				ALWAYS_SEARCH_USER_PATHS = NO;
				CLANG_ANALYZER_NONNULL = YES;
				CLANG_ANALYZER_NUMBER_OBJECT_CONVERSION = YES_AGGRESSIVE;
				CLANG_CXX_LANGUAGE_STANDARD = "gnu++14";
				CLANG_CXX_LIBRARY = "libc++";
				CLANG_ENABLE_MODULES = YES;
				CLANG_ENABLE_OBJC_ARC = YES;
				CLANG_ENABLE_OBJC_WEAK = YES;
				CLANG_WARN_BLOCK_CAPTURE_AUTORELEASING = YES;
				CLANG_WARN_BOOL_CONVERSION = YES;
				CLANG_WARN_COMMA = YES;
				CLANG_WARN_CONSTANT_CONVERSION = YES;
				CLANG_WARN_DEPRECATED_OBJC_IMPLEMENTATIONS = YES;
				CLANG_WARN_DIRECT_OBJC_ISA_USAGE = YES_ERROR;
				CLANG_WARN_DOCUMENTATION_COMMENTS = YES;
				CLANG_WARN_EMPTY_BODY = YES;
				CLANG_WARN_ENUM_CONVERSION = YES;
				CLANG_WARN_INFINITE_RECURSION = YES;
				CLANG_WARN_INT_CONVERSION = YES;
				CLANG_WARN_NON_LITERAL_NULL_CONVERSION = YES;
				CLANG_WARN_OBJC_IMPLICIT_RETAIN_SELF = YES;
				CLANG_WARN_OBJC_LITERAL_CONVERSION = YES;
				CLANG_WARN_OBJC_ROOT_CLASS = YES_ERROR;
				CLANG_WARN_RANGE_LOOP_ANALYSIS = YES;
				CLANG_WARN_STRICT_PROTOTYPES = YES;
				CLANG_WARN_SUSPICIOUS_MOVE = YES;
				CLANG_WARN_UNGUARDED_AVAILABILITY = YES_AGGRESSIVE;
				CLANG_WARN_UNREACHABLE_CODE = YES;
				CLANG_WARN__DUPLICATE_METHOD_MATCH = YES;
				CODE_SIGN_IDENTITY = "-";
				COPY_PHASE_STRIP = NO;
				DEBUG_INFORMATION_FORMAT = dwarf;
				ENABLE_STRICT_OBJC_MSGSEND = YES;
				ENABLE_TESTABILITY = YES;
				GCC_C_LANGUAGE_STANDARD = gnu11;
				GCC_DYNAMIC_NO_PIC = NO;
				GCC_NO_COMMON_BLOCKS = YES;
				GCC_OPTIMIZATION_LEVEL = 0;
				GCC_PREPROCESSOR_DEFINITIONS = (
					"DEBUG=1",
					"$(inherited)",
				);
				GCC_WARN_64_TO_32_BIT_CONVERSION = YES;
				GCC_WARN_ABOUT_RETURN_TYPE = YES_ERROR;
				GCC_WARN_UNDECLARED_SELECTOR = YES;
				GCC_WARN_UNINITIALIZED_AUTOS = YES_AGGRESSIVE;
				GCC_WARN_UNUSED_FUNCTION = YES;
				GCC_WARN_UNUSED_VARIABLE = YES;
				MACOSX_DEPLOYMENT_TARGET = 10.13;
				MTL_ENABLE_DEBUG_INFO = YES;
				ONLY_ACTIVE_ARCH = YES;
				SDKROOT = macosx;
				SWIFT_ACTIVE_COMPILATION_CONDITIONS = DEBUG;
				SWIFT_OPTIMIZATION_LEVEL = "-Onone";
			};
			name = Debug;
		};
		EAB7D39A20E446510075E6FC /* Release */ = {
			isa = XCBuildConfiguration;
			buildSettings = {
				ALWAYS_SEARCH_USER_PATHS = NO;
				CLANG_ANALYZER_NONNULL = YES;
				CLANG_ANALYZER_NUMBER_OBJECT_CONVERSION = YES_AGGRESSIVE;
				CLANG_CXX_LANGUAGE_STANDARD = "gnu++14";
				CLANG_CXX_LIBRARY = "libc++";
				CLANG_ENABLE_MODULES = YES;
				CLANG_ENABLE_OBJC_ARC = YES;
				CLANG_ENABLE_OBJC_WEAK = YES;
				CLANG_WARN_BLOCK_CAPTURE_AUTORELEASING = YES;
				CLANG_WARN_BOOL_CONVERSION = YES;
				CLANG_WARN_COMMA = YES;
				CLANG_WARN_CONSTANT_CONVERSION = YES;
				CLANG_WARN_DEPRECATED_OBJC_IMPLEMENTATIONS = YES;
				CLANG_WARN_DIRECT_OBJC_ISA_USAGE = YES_ERROR;
				CLANG_WARN_DOCUMENTATION_COMMENTS = YES;
				CLANG_WARN_EMPTY_BODY = YES;
				CLANG_WARN_ENUM_CONVERSION = YES;
				CLANG_WARN_INFINITE_RECURSION = YES;
				CLANG_WARN_INT_CONVERSION = YES;
				CLANG_WARN_NON_LITERAL_NULL_CONVERSION = YES;
				CLANG_WARN_OBJC_IMPLICIT_RETAIN_SELF = YES;
				CLANG_WARN_OBJC_LITERAL_CONVERSION = YES;
				CLANG_WARN_OBJC_ROOT_CLASS = YES_ERROR;
				CLANG_WARN_RANGE_LOOP_ANALYSIS = YES;
				CLANG_WARN_STRICT_PROTOTYPES = YES;
				CLANG_WARN_SUSPICIOUS_MOVE = YES;
				CLANG_WARN_UNGUARDED_AVAILABILITY = YES_AGGRESSIVE;
				CLANG_WARN_UNREACHABLE_CODE = YES;
				CLANG_WARN__DUPLICATE_METHOD_MATCH = YES;
				CODE_SIGN_IDENTITY = "-";
				COPY_PHASE_STRIP = NO;
				DEBUG_INFORMATION_FORMAT = "dwarf-with-dsym";
				ENABLE_NS_ASSERTIONS = NO;
				ENABLE_STRICT_OBJC_MSGSEND = YES;
				GCC_C_LANGUAGE_STANDARD = gnu11;
				GCC_NO_COMMON_BLOCKS = YES;
				GCC_WARN_64_TO_32_BIT_CONVERSION = YES;
				GCC_WARN_ABOUT_RETURN_TYPE = YES_ERROR;
				GCC_WARN_UNDECLARED_SELECTOR = YES;
				GCC_WARN_UNINITIALIZED_AUTOS = YES_AGGRESSIVE;
				GCC_WARN_UNUSED_FUNCTION = YES;
				GCC_WARN_UNUSED_VARIABLE = YES;
				MACOSX_DEPLOYMENT_TARGET = 10.13;
				MTL_ENABLE_DEBUG_INFO = NO;
				SDKROOT = macosx;
				SWIFT_COMPILATION_MODE = wholemodule;
				SWIFT_OPTIMIZATION_LEVEL = "-O";
			};
			name = Release;
		};
		EAB7D39C20E446510075E6FC /* Debug */ = {
			isa = XCBuildConfiguration;
			buildSettings = {
				CODE_SIGN_STYLE = Automatic;
				PRODUCT_NAME = "$(TARGET_NAME)";
				SWIFT_VERSION = 4.0;
			};
			name = Debug;
		};
		EAB7D39D20E446510075E6FC /* Release */ = {
			isa = XCBuildConfiguration;
			buildSettings = {
				CODE_SIGN_STYLE = Automatic;
				PRODUCT_NAME = "$(TARGET_NAME)";
				SWIFT_VERSION = 4.0;
			};
			name = Release;
		};
/* End XCBuildConfiguration section */

/* Begin XCConfigurationList section */
		EAB7D38F20E446510075E6FC /* Build configuration list for PBXProject "SAiDoku" */ = {
			isa = XCConfigurationList;
			buildConfigurations = (
				EAB7D39920E446510075E6FC /* Debug */,
				EAB7D39A20E446510075E6FC /* Release */,
			);
			defaultConfigurationIsVisible = 0;
			defaultConfigurationName = Release;
		};
		EAB7D39B20E446510075E6FC /* Build configuration list for PBXNativeTarget "SAiDoku" */ = {
			isa = XCConfigurationList;
			buildConfigurations = (
				EAB7D39C20E446510075E6FC /* Debug */,
				EAB7D39D20E446510075E6FC /* Release */,
			);
			defaultConfigurationIsVisible = 0;
			defaultConfigurationName = Release;
		};
/* End XCConfigurationList section */
	};
	rootObject = EAB7D38C20E446510075E6FC /* Project object */;
}
